
Microsoft Visual Studio Solution File, Format Version 12.00
# Visual Studio Version 16
VisualStudioVersion = 16.0.30114.105
MinimumVisualStudioVersion = 10.0.40219.1
Project("{FAE04EC0-301F-11D3-BF4B-00C04F79EFBC}") = "Selection Committee", "Selection Committee\Selection Committee.csproj", "{EA8CB992-C035-4953-8E5C-2F503C97A1F1}"
EndProject
Global
	GlobalSection(SolutionConfigurationPlatforms) = preSolution
		Debug|Any CPU = Debug|Any CPU
		Release|Any CPU = Release|Any CPU
	EndGlobalSection
	GlobalSection(ProjectConfigurationPlatforms) = postSolution
		{EA8CB992-C035-4953-8E5C-2F503C97A1F1}.Debug|Any CPU.ActiveCfg = Debug|Any CPU
		{EA8CB992-C035-4953-8E5C-2F503C97A1F1}.Debug|Any CPU.Build.0 = Debug|Any CPU
		{EA8CB992-C035-4953-8E5C-2F503C97A1F1}.Release|Any CPU.ActiveCfg = Release|Any CPU
		{EA8CB992-C035-4953-8E5C-2F503C97A1F1}.Release|Any CPU.Build.0 = Release|Any CPU
	EndGlobalSection
	GlobalSection(SolutionProperties) = preSolution
		HideSolutionNode = FALSE
	EndGlobalSection
	GlobalSection(ExtensibilityGlobals) = postSolution
		SolutionGuid = {60472EF9-DC53-4D6D-80AD-007EAA272614}
	EndGlobalSection
EndGlobal
